
Microsoft Visual Studio Solution File, Format Version 12.00
# Visual Studio Version 17
VisualStudioVersion = 17.1.32319.34
MinimumVisualStudioVersion = 10.0.40219.1
Project("{FAE04EC0-301F-11D3-BF4B-00C04F79EFBC}") = "AsyncExample", "AsyncExample\AsyncExample.csproj", "{47BFAE11-5545-4128-A820-18B34F01BD05}"
EndProject
Global
	GlobalSection(SolutionConfigurationPlatforms) = preSolution
		Debug|Any CPU = Debug|Any CPU
		Release|Any CPU = Release|Any CPU
	EndGlobalSection
	GlobalSection(ProjectConfigurationPlatforms) = postSolution
		{47BFAE11-5545-4128-A820-18B34F01BD05}.Debug|Any CPU.ActiveCfg = Debug|Any CPU
		{47BFAE11-5545-4128-A820-18B34F01BD05}.Debug|Any CPU.Build.0 = Debug|Any CPU
		{47BFAE11-5545-4128-A820-18B34F01BD05}.Release|Any CPU.ActiveCfg = Release|Any CPU
		{47BFAE11-5545-4128-A820-18B34F01BD05}.Release|Any CPU.Build.0 = Release|Any CPU
	EndGlobalSection
	GlobalSection(SolutionProperties) = preSolution
		HideSolutionNode = FALSE
	EndGlobalSection
	GlobalSection(ExtensibilityGlobals) = postSolution
		SolutionGuid = {EA8A58A2-B29F-478D-97C1-21363200D4F7}
	EndGlobalSection
EndGlobal
